// !$*UTF8*$!
{
	archiveVersion = 1;
	classes = {
	};
	objectVersion = 50;
	objects = {

/* Begin PBXBuildFile section */
		671BEF2A26A4E288004AE3B1 /* AppDelegate.swift in Sources */ = {isa = PBXBuildFile; fileRef = 671BEF2926A4E288004AE3B1 /* AppDelegate.swift */; };
		671BEF2C26A4E288004AE3B1 /* SceneDelegate.swift in Sources */ = {isa = PBXBuildFile; fileRef = 671BEF2B26A4E288004AE3B1 /* SceneDelegate.swift */; };
		671BEF2E26A4E288004AE3B1 /* LoginViewController.swift in Sources */ = {isa = PBXBuildFile; fileRef = 671BEF2D26A4E288004AE3B1 /* LoginViewController.swift */; };
		671BEF3126A4E288004AE3B1 /* Main.storyboard in Resources */ = {isa = PBXBuildFile; fileRef = 671BEF2F26A4E288004AE3B1 /* Main.storyboard */; };
		671BEF3326A4E28A004AE3B1 /* Assets.xcassets in Resources */ = {isa = PBXBuildFile; fileRef = 671BEF3226A4E28A004AE3B1 /* Assets.xcassets */; };
		671BEF3626A4E28A004AE3B1 /* LaunchScreen.storyboard in Resources */ = {isa = PBXBuildFile; fileRef = 671BEF3426A4E28A004AE3B1 /* LaunchScreen.storyboard */; };
		671BEF3E26AE691C004AE3B1 /* TableTabbedViewCell.swift in Sources */ = {isa = PBXBuildFile; fileRef = 671BEF3D26AE691C004AE3B1 /* TableTabbedViewCell.swift */; };
		671BEF4026AFBDBC004AE3B1 /* UdacityClient.swift in Sources */ = {isa = PBXBuildFile; fileRef = 671BEF3F26AFBDBC004AE3B1 /* UdacityClient.swift */; };
		671BEF4226AFC336004AE3B1 /* LoginRequest.swift in Sources */ = {isa = PBXBuildFile; fileRef = 671BEF4126AFC336004AE3B1 /* LoginRequest.swift */; };
		671BEF4426AFC3E9004AE3B1 /* LoginResponse.swift in Sources */ = {isa = PBXBuildFile; fileRef = 671BEF4326AFC3E9004AE3B1 /* LoginResponse.swift */; };
		671BEF4626AFCE07004AE3B1 /* GetStudentInfoResponse.swift in Sources */ = {isa = PBXBuildFile; fileRef = 671BEF4526AFCE07004AE3B1 /* GetStudentInfoResponse.swift */; };
		671BEF4826B1219D004AE3B1 /* PostStudentInfoResponse.swift in Sources */ = {isa = PBXBuildFile; fileRef = 671BEF4726B1219D004AE3B1 /* PostStudentInfoResponse.swift */; };
		F906778226AE288F00BD8E3E /* MapTabbedViewController.swift in Sources */ = {isa = PBXBuildFile; fileRef = F906778126AE288F00BD8E3E /* MapTabbedViewController.swift */; };
		F906778426AE28C300BD8E3E /* TableTabbedViewController.swift in Sources */ = {isa = PBXBuildFile; fileRef = F906778326AE28C300BD8E3E /* TableTabbedViewController.swift */; };
		F906778626AE2C5500BD8E3E /* Colors.xcassets in Resources */ = {isa = PBXBuildFile; fileRef = F906778526AE2C5500BD8E3E /* Colors.xcassets */; };
		F906778826AE386E00BD8E3E /* InfoPostingViewController.swift in Sources */ = {isa = PBXBuildFile; fileRef = F906778726AE386E00BD8E3E /* InfoPostingViewController.swift */; };
		F906778A26AE38C500BD8E3E /* AddLocationViewController.swift in Sources */ = {isa = PBXBuildFile; fileRef = F906778926AE38C500BD8E3E /* AddLocationViewController.swift */; };
/* End PBXBuildFile section */

/* Begin PBXFileReference section */
		671BEF2626A4E288004AE3B1 /* OnTheMap.app */ = {isa = PBXFileReference; explicitFileType = wrapper.application; includeInIndex = 0; path = OnTheMap.app; sourceTree = BUILT_PRODUCTS_DIR; };
		671BEF2926A4E288004AE3B1 /* AppDelegate.swift */ = {isa = PBXFileReference; lastKnownFileType = sourcecode.swift; path = AppDelegate.swift; sourceTree = "<group>"; };
		671BEF2B26A4E288004AE3B1 /* SceneDelegate.swift */ = {isa = PBXFileReference; lastKnownFileType = sourcecode.swift; path = SceneDelegate.swift; sourceTree = "<group>"; };
		671BEF2D26A4E288004AE3B1 /* LoginViewController.swift */ = {isa = PBXFileReference; lastKnownFileType = sourcecode.swift; path = LoginViewController.swift; sourceTree = "<group>"; };
		671BEF3026A4E288004AE3B1 /* Base */ = {isa = PBXFileReference; lastKnownFileType = file.storyboard; name = Base; path = Base.lproj/Main.storyboard; sourceTree = "<group>"; };
		671BEF3226A4E28A004AE3B1 /* Assets.xcassets */ = {isa = PBXFileReference; lastKnownFileType = folder.assetcatalog; path = Assets.xcassets; sourceTree = "<group>"; };
		671BEF3526A4E28A004AE3B1 /* Base */ = {isa = PBXFileReference; lastKnownFileType = file.storyboard; name = Base; path = Base.lproj/LaunchScreen.storyboard; sourceTree = "<group>"; };
		671BEF3726A4E28A004AE3B1 /* Info.plist */ = {isa = PBXFileReference; lastKnownFileType = text.plist.xml; path = Info.plist; sourceTree = "<group>"; };
		671BEF3D26AE691C004AE3B1 /* TableTabbedViewCell.swift */ = {isa = PBXFileReference; lastKnownFileType = sourcecode.swift; path = TableTabbedViewCell.swift; sourceTree = "<group>"; };
		671BEF3F26AFBDBC004AE3B1 /* UdacityClient.swift */ = {isa = PBXFileReference; lastKnownFileType = sourcecode.swift; name = UdacityClient.swift; path = OnTheMap/Controller/UdacityClient.swift; sourceTree = SOURCE_ROOT; };
		671BEF4126AFC336004AE3B1 /* LoginRequest.swift */ = {isa = PBXFileReference; lastKnownFileType = sourcecode.swift; name = LoginRequest.swift; path = OnTheMap/Controller/LoginRequest.swift; sourceTree = SOURCE_ROOT; };
		671BEF4326AFC3E9004AE3B1 /* LoginResponse.swift */ = {isa = PBXFileReference; lastKnownFileType = sourcecode.swift; name = LoginResponse.swift; path = OnTheMap/Controller/LoginResponse.swift; sourceTree = SOURCE_ROOT; };
		671BEF4526AFCE07004AE3B1 /* GetStudentInfoResponse.swift */ = {isa = PBXFileReference; lastKnownFileType = sourcecode.swift; name = GetStudentInfoResponse.swift; path = OnTheMap/Controller/GetStudentInfoResponse.swift; sourceTree = SOURCE_ROOT; };
		671BEF4726B1219D004AE3B1 /* PostStudentInfoResponse.swift */ = {isa = PBXFileReference; lastKnownFileType = sourcecode.swift; name = PostStudentInfoResponse.swift; path = OnTheMap/Controller/PostStudentInfoResponse.swift; sourceTree = SOURCE_ROOT; };
		F906778126AE288F00BD8E3E /* MapTabbedViewController.swift */ = {isa = PBXFileReference; lastKnownFileType = sourcecode.swift; path = MapTabbedViewController.swift; sourceTree = "<group>"; };
		F906778326AE28C300BD8E3E /* TableTabbedViewController.swift */ = {isa = PBXFileReference; lastKnownFileType = sourcecode.swift; path = TableTabbedViewController.swift; sourceTree = "<group>"; };
		F906778526AE2C5500BD8E3E /* Colors.xcassets */ = {isa = PBXFileReference; lastKnownFileType = folder.assetcatalog; path = Colors.xcassets; sourceTree = "<group>"; };
		F906778726AE386E00BD8E3E /* InfoPostingViewController.swift */ = {isa = PBXFileReference; lastKnownFileType = sourcecode.swift; path = InfoPostingViewController.swift; sourceTree = "<group>"; };
		F906778926AE38C500BD8E3E /* AddLocationViewController.swift */ = {isa = PBXFileReference; lastKnownFileType = sourcecode.swift; path = AddLocationViewController.swift; sourceTree = "<group>"; };
/* End PBXFileReference section */

/* Begin PBXFrameworksBuildPhase section */
		671BEF2326A4E288004AE3B1 /* Frameworks */ = {
			isa = PBXFrameworksBuildPhase;
			buildActionMask = 2147483647;
			files = (
			);
			runOnlyForDeploymentPostprocessing = 0;
		};
/* End PBXFrameworksBuildPhase section */

/* Begin PBXGroup section */
		671BEF1D26A4E288004AE3B1 = {
			isa = PBXGroup;
			children = (
				671BEF2826A4E288004AE3B1 /* OnTheMap */,
				671BEF2726A4E288004AE3B1 /* Products */,
			);
			sourceTree = "<group>";
		};
		671BEF2726A4E288004AE3B1 /* Products */ = {
			isa = PBXGroup;
			children = (
				671BEF2626A4E288004AE3B1 /* OnTheMap.app */,
			);
			name = Products;
			sourceTree = "<group>";
		};
		671BEF2826A4E288004AE3B1 /* OnTheMap */ = {
			isa = PBXGroup;
			children = (
				671BEF2926A4E288004AE3B1 /* AppDelegate.swift */,
				671BEF2B26A4E288004AE3B1 /* SceneDelegate.swift */,
				671BEF3726A4E28A004AE3B1 /* Info.plist */,
				F906777D26AE201D00BD8E3E /* Controller */,
				F906777C26AE1FE200BD8E3E /* Assets */,
				F906777B26AE1FA900BD8E3E /* Networking */,
				F906777A26AE1F8800BD8E3E /* Model */,
				F906777926AE1F7E00BD8E3E /* View */,
			);
			path = OnTheMap;
			sourceTree = "<group>";
		};
		F906777926AE1F7E00BD8E3E /* View */ = {
			isa = PBXGroup;
			children = (
			);
			path = View;
			sourceTree = "<group>";
		};
		F906777A26AE1F8800BD8E3E /* Model */ = {
			isa = PBXGroup;
			children = (
				F906778026AE209A00BD8E3E /* Responses */,
				F906777F26AE207800BD8E3E /* Requests */,
				F906777E26AE207200BD8E3E /* Data */,
			);
			path = Model;
			sourceTree = "<group>";
		};
		F906777B26AE1FA900BD8E3E /* Networking */ = {
			isa = PBXGroup;
			children = (
				671BEF3F26AFBDBC004AE3B1 /* UdacityClient.swift */,
			);
			path = Networking;
			sourceTree = "<group>";
		};
		F906777C26AE1FE200BD8E3E /* Assets */ = {
			isa = PBXGroup;
			children = (
				671BEF2F26A4E288004AE3B1 /* Main.storyboard */,
				671BEF3226A4E28A004AE3B1 /* Assets.xcassets */,
				671BEF3426A4E28A004AE3B1 /* LaunchScreen.storyboard */,
				F906778526AE2C5500BD8E3E /* Colors.xcassets */,
			);
			path = Assets;
			sourceTree = "<group>";
		};
		F906777D26AE201D00BD8E3E /* Controller */ = {
			isa = PBXGroup;
			children = (
				671BEF2D26A4E288004AE3B1 /* LoginViewController.swift */,
				F906778126AE288F00BD8E3E /* MapTabbedViewController.swift */,
				F906778326AE28C300BD8E3E /* TableTabbedViewController.swift */,
				671BEF3D26AE691C004AE3B1 /* TableTabbedViewCell.swift */,
				F906778726AE386E00BD8E3E /* InfoPostingViewController.swift */,
				F906778926AE38C500BD8E3E /* AddLocationViewController.swift */,
			);
			path = Controller;
			sourceTree = "<group>";
		};
		F906777E26AE207200BD8E3E /* Data */ = {
			isa = PBXGroup;
			children = (
			);
			path = Data;
			sourceTree = "<group>";
		};
		F906777F26AE207800BD8E3E /* Requests */ = {
			isa = PBXGroup;
			children = (
				671BEF4126AFC336004AE3B1 /* LoginRequest.swift */,
			);
			path = Requests;
			sourceTree = "<group>";
		};
		F906778026AE209A00BD8E3E /* Responses */ = {
			isa = PBXGroup;
			children = (
				671BEF4326AFC3E9004AE3B1 /* LoginResponse.swift */,
				671BEF4526AFCE07004AE3B1 /* GetStudentInfoResponse.swift */,
				671BEF4726B1219D004AE3B1 /* PostStudentInfoResponse.swift */,
			);
			path = Responses;
			sourceTree = "<group>";
		};
/* End PBXGroup section */

/* Begin PBXNativeTarget section */
		671BEF2526A4E288004AE3B1 /* OnTheMap */ = {
			isa = PBXNativeTarget;
			buildConfigurationList = 671BEF3A26A4E28A004AE3B1 /* Build configuration list for PBXNativeTarget "OnTheMap" */;
			buildPhases = (
				671BEF2226A4E288004AE3B1 /* Sources */,
				671BEF2326A4E288004AE3B1 /* Frameworks */,
				671BEF2426A4E288004AE3B1 /* Resources */,
			);
			buildRules = (
			);
			dependencies = (
			);
			name = OnTheMap;
			productName = OnTheMap;
			productReference = 671BEF2626A4E288004AE3B1 /* OnTheMap.app */;
			productType = "com.apple.product-type.application";
		};
/* End PBXNativeTarget section */

/* Begin PBXProject section */
		671BEF1E26A4E288004AE3B1 /* Project object */ = {
			isa = PBXProject;
			attributes = {
				LastSwiftUpdateCheck = 1250;
				LastUpgradeCheck = 1250;
				TargetAttributes = {
					671BEF2526A4E288004AE3B1 = {
						CreatedOnToolsVersion = 12.5.1;
					};
				};
			};
			buildConfigurationList = 671BEF2126A4E288004AE3B1 /* Build configuration list for PBXProject "OnTheMap" */;
			compatibilityVersion = "Xcode 9.3";
			developmentRegion = en;
			hasScannedForEncodings = 0;
			knownRegions = (
				en,
				Base,
			);
			mainGroup = 671BEF1D26A4E288004AE3B1;
			productRefGroup = 671BEF2726A4E288004AE3B1 /* Products */;
			projectDirPath = "";
			projectRoot = "";
			targets = (
				671BEF2526A4E288004AE3B1 /* OnTheMap */,
			);
		};
/* End PBXProject section */

/* Begin PBXResourcesBuildPhase section */
		671BEF2426A4E288004AE3B1 /* Resources */ = {
			isa = PBXResourcesBuildPhase;
			buildActionMask = 2147483647;
			files = (
				671BEF3626A4E28A004AE3B1 /* LaunchScreen.storyboard in Resources */,
				F906778626AE2C5500BD8E3E /* Colors.xcassets in Resources */,
				671BEF3326A4E28A004AE3B1 /* Assets.xcassets in Resources */,
				671BEF3126A4E288004AE3B1 /* Main.storyboard in Resources */,
			);
			runOnlyForDeploymentPostprocessing = 0;
		};
/* End PBXResourcesBuildPhase section */

/* Begin PBXSourcesBuildPhase section */
		671BEF2226A4E288004AE3B1 /* Sources */ = {
			isa = PBXSourcesBuildPhase;
			buildActionMask = 2147483647;
			files = (
				671BEF2E26A4E288004AE3B1 /* LoginViewController.swift in Sources */,
				671BEF3E26AE691C004AE3B1 /* TableTabbedViewCell.swift in Sources */,
				F906778426AE28C300BD8E3E /* TableTabbedViewController.swift in Sources */,
				671BEF4226AFC336004AE3B1 /* LoginRequest.swift in Sources */,
				671BEF2A26A4E288004AE3B1 /* AppDelegate.swift in Sources */,
				F906778A26AE38C500BD8E3E /* AddLocationViewController.swift in Sources */,
				F906778826AE386E00BD8E3E /* InfoPostingViewController.swift in Sources */,
				671BEF4826B1219D004AE3B1 /* PostStudentInfoResponse.swift in Sources */,
				671BEF2C26A4E288004AE3B1 /* SceneDelegate.swift in Sources */,
				F906778226AE288F00BD8E3E /* MapTabbedViewController.swift in Sources */,
				671BEF4426AFC3E9004AE3B1 /* LoginResponse.swift in Sources */,
				671BEF4626AFCE07004AE3B1 /* GetStudentInfoResponse.swift in Sources */,
				671BEF4026AFBDBC004AE3B1 /* UdacityClient.swift in Sources */,
			);
			runOnlyForDeploymentPostprocessing = 0;
		};
/* End PBXSourcesBuildPhase section */

/* Begin PBXVariantGroup section */
		671BEF2F26A4E288004AE3B1 /* Main.storyboard */ = {
			isa = PBXVariantGroup;
			children = (
				671BEF3026A4E288004AE3B1 /* Base */,
			);
			name = Main.storyboard;
			sourceTree = "<group>";
		};
		671BEF3426A4E28A004AE3B1 /* LaunchScreen.storyboard */ = {
			isa = PBXVariantGroup;
			children = (
				671BEF3526A4E28A004AE3B1 /* Base */,
			);
			name = LaunchScreen.storyboard;
			sourceTree = "<group>";
		};
/* End PBXVariantGroup section */

/* Begin XCBuildConfiguration section */
		671BEF3826A4E28A004AE3B1 /* Debug */ = {
			isa = XCBuildConfiguration;
			buildSettings = {
				ALWAYS_SEARCH_USER_PATHS = NO;
				CLANG_ANALYZER_NONNULL = YES;
				CLANG_ANALYZER_NUMBER_OBJECT_CONVERSION = YES_AGGRESSIVE;
				CLANG_CXX_LANGUAGE_STANDARD = "gnu++14";
				CLANG_CXX_LIBRARY = "libc++";
				CLANG_ENABLE_MODULES = YES;
				CLANG_ENABLE_OBJC_ARC = YES;
				CLANG_ENABLE_OBJC_WEAK = YES;
				CLANG_WARN_BLOCK_CAPTURE_AUTORELEASING = YES;
				CLANG_WARN_BOOL_CONVERSION = YES;
				CLANG_WARN_COMMA = YES;
				CLANG_WARN_CONSTANT_CONVERSION = YES;
				CLANG_WARN_DEPRECATED_OBJC_IMPLEMENTATIONS = YES;
				CLANG_WARN_DIRECT_OBJC_ISA_USAGE = YES_ERROR;
				CLANG_WARN_DOCUMENTATION_COMMENTS = YES;
				CLANG_WARN_EMPTY_BODY = YES;
				CLANG_WARN_ENUM_CONVERSION = YES;
				CLANG_WARN_INFINITE_RECURSION = YES;
				CLANG_WARN_INT_CONVERSION = YES;
				CLANG_WARN_NON_LITERAL_NULL_CONVERSION = YES;
				CLANG_WARN_OBJC_IMPLICIT_RETAIN_SELF = YES;
				CLANG_WARN_OBJC_LITERAL_CONVERSION = YES;
				CLANG_WARN_OBJC_ROOT_CLASS = YES_ERROR;
				CLANG_WARN_QUOTED_INCLUDE_IN_FRAMEWORK_HEADER = YES;
				CLANG_WARN_RANGE_LOOP_ANALYSIS = YES;
				CLANG_WARN_STRICT_PROTOTYPES = YES;
				CLANG_WARN_SUSPICIOUS_MOVE = YES;
				CLANG_WARN_UNGUARDED_AVAILABILITY = YES_AGGRESSIVE;
				CLANG_WARN_UNREACHABLE_CODE = YES;
				CLANG_WARN__DUPLICATE_METHOD_MATCH = YES;
				COPY_PHASE_STRIP = NO;
				DEBUG_INFORMATION_FORMAT = dwarf;
				ENABLE_STRICT_OBJC_MSGSEND = YES;
				ENABLE_TESTABILITY = YES;
				GCC_C_LANGUAGE_STANDARD = gnu11;
				GCC_DYNAMIC_NO_PIC = NO;
				GCC_NO_COMMON_BLOCKS = YES;
				GCC_OPTIMIZATION_LEVEL = 0;
				GCC_PREPROCESSOR_DEFINITIONS = (
					"DEBUG=1",
					"$(inherited)",
				);
				GCC_WARN_64_TO_32_BIT_CONVERSION = YES;
				GCC_WARN_ABOUT_RETURN_TYPE = YES_ERROR;
				GCC_WARN_UNDECLARED_SELECTOR = YES;
				GCC_WARN_UNINITIALIZED_AUTOS = YES_AGGRESSIVE;
				GCC_WARN_UNUSED_FUNCTION = YES;
				GCC_WARN_UNUSED_VARIABLE = YES;
				IPHONEOS_DEPLOYMENT_TARGET = 14.5;
				MTL_ENABLE_DEBUG_INFO = INCLUDE_SOURCE;
				MTL_FAST_MATH = YES;
				ONLY_ACTIVE_ARCH = YES;
				SDKROOT = iphoneos;
				SWIFT_ACTIVE_COMPILATION_CONDITIONS = DEBUG;
				SWIFT_OPTIMIZATION_LEVEL = "-Onone";
			};
			name = Debug;
		};
		671BEF3926A4E28A004AE3B1 /* Release */ = {
			isa = XCBuildConfiguration;
			buildSettings = {
				ALWAYS_SEARCH_USER_PATHS = NO;
				CLANG_ANALYZER_NONNULL = YES;
				CLANG_ANALYZER_NUMBER_OBJECT_CONVERSION = YES_AGGRESSIVE;
				CLANG_CXX_LANGUAGE_STANDARD = "gnu++14";
				CLANG_CXX_LIBRARY = "libc++";
				CLANG_ENABLE_MODULES = YES;
				CLANG_ENABLE_OBJC_ARC = YES;
				CLANG_ENABLE_OBJC_WEAK = YES;
				CLANG_WARN_BLOCK_CAPTURE_AUTORELEASING = YES;
				CLANG_WARN_BOOL_CONVERSION = YES;
				CLANG_WARN_COMMA = YES;
				CLANG_WARN_CONSTANT_CONVERSION = YES;
				CLANG_WARN_DEPRECATED_OBJC_IMPLEMENTATIONS = YES;
				CLANG_WARN_DIRECT_OBJC_ISA_USAGE = YES_ERROR;
				CLANG_WARN_DOCUMENTATION_COMMENTS = YES;
				CLANG_WARN_EMPTY_BODY = YES;
				CLANG_WARN_ENUM_CONVERSION = YES;
				CLANG_WARN_INFINITE_RECURSION = YES;
				CLANG_WARN_INT_CONVERSION = YES;
				CLANG_WARN_NON_LITERAL_NULL_CONVERSION = YES;
				CLANG_WARN_OBJC_IMPLICIT_RETAIN_SELF = YES;
				CLANG_WARN_OBJC_LITERAL_CONVERSION = YES;
				CLANG_WARN_OBJC_ROOT_CLASS = YES_ERROR;
				CLANG_WARN_QUOTED_INCLUDE_IN_FRAMEWORK_HEADER = YES;
				CLANG_WARN_RANGE_LOOP_ANALYSIS = YES;
				CLANG_WARN_STRICT_PROTOTYPES = YES;
				CLANG_WARN_SUSPICIOUS_MOVE = YES;
				CLANG_WARN_UNGUARDED_AVAILABILITY = YES_AGGRESSIVE;
				CLANG_WARN_UNREACHABLE_CODE = YES;
				CLANG_WARN__DUPLICATE_METHOD_MATCH = YES;
				COPY_PHASE_STRIP = NO;
				DEBUG_INFORMATION_FORMAT = "dwarf-with-dsym";
				ENABLE_NS_ASSERTIONS = NO;
				ENABLE_STRICT_OBJC_MSGSEND = YES;
				GCC_C_LANGUAGE_STANDARD = gnu11;
				GCC_NO_COMMON_BLOCKS = YES;
				GCC_WARN_64_TO_32_BIT_CONVERSION = YES;
				GCC_WARN_ABOUT_RETURN_TYPE = YES_ERROR;
				GCC_WARN_UNDECLARED_SELECTOR = YES;
				GCC_WARN_UNINITIALIZED_AUTOS = YES_AGGRESSIVE;
				GCC_WARN_UNUSED_FUNCTION = YES;
				GCC_WARN_UNUSED_VARIABLE = YES;
				IPHONEOS_DEPLOYMENT_TARGET = 14.5;
				MTL_ENABLE_DEBUG_INFO = NO;
				MTL_FAST_MATH = YES;
				SDKROOT = iphoneos;
				SWIFT_COMPILATION_MODE = wholemodule;
				SWIFT_OPTIMIZATION_LEVEL = "-O";
				VALIDATE_PRODUCT = YES;
			};
			name = Release;
		};
		671BEF3B26A4E28A004AE3B1 /* Debug */ = {
			isa = XCBuildConfiguration;
			buildSettings = {
				ASSETCATALOG_COMPILER_APPICON_NAME = AppIcon;
				ASSETCATALOG_COMPILER_GLOBAL_ACCENT_COLOR_NAME = AccentColor;
				CODE_SIGN_STYLE = Automatic;
				DEVELOPMENT_TEAM = T2A2NXUESB;
				INFOPLIST_FILE = OnTheMap/Info.plist;
				LD_RUNPATH_SEARCH_PATHS = (
					"$(inherited)",
					"@executable_path/Frameworks",
				);
				PRODUCT_BUNDLE_IDENTIFIER = com.sophialu.OnTheMap;
				PRODUCT_NAME = "$(TARGET_NAME)";
				SWIFT_VERSION = 5.0;
				TARGETED_DEVICE_FAMILY = "1,2";
			};
			name = Debug;
		};
		671BEF3C26A4E28A004AE3B1 /* Release */ = {
			isa = XCBuildConfiguration;
			buildSettings = {
				ASSETCATALOG_COMPILER_APPICON_NAME = AppIcon;
				ASSETCATALOG_COMPILER_GLOBAL_ACCENT_COLOR_NAME = AccentColor;
				CODE_SIGN_STYLE = Automatic;
				DEVELOPMENT_TEAM = T2A2NXUESB;
				INFOPLIST_FILE = OnTheMap/Info.plist;
				LD_RUNPATH_SEARCH_PATHS = (
					"$(inherited)",
					"@executable_path/Frameworks",
				);
				PRODUCT_BUNDLE_IDENTIFIER = com.sophialu.OnTheMap;
				PRODUCT_NAME = "$(TARGET_NAME)";
				SWIFT_VERSION = 5.0;
				TARGETED_DEVICE_FAMILY = "1,2";
			};
			name = Release;
		};
/* End XCBuildConfiguration section */

/* Begin XCConfigurationList section */
		671BEF2126A4E288004AE3B1 /* Build configuration list for PBXProject "OnTheMap" */ = {
			isa = XCConfigurationList;
			buildConfigurations = (
				671BEF3826A4E28A004AE3B1 /* Debug */,
				671BEF3926A4E28A004AE3B1 /* Release */,
			);
			defaultConfigurationIsVisible = 0;
			defaultConfigurationName = Release;
		};
		671BEF3A26A4E28A004AE3B1 /* Build configuration list for PBXNativeTarget "OnTheMap" */ = {
			isa = XCConfigurationList;
			buildConfigurations = (
				671BEF3B26A4E28A004AE3B1 /* Debug */,
				671BEF3C26A4E28A004AE3B1 /* Release */,
			);
			defaultConfigurationIsVisible = 0;
			defaultConfigurationName = Release;
		};
/* End XCConfigurationList section */
	};
	rootObject = 671BEF1E26A4E288004AE3B1 /* Project object */;
}
